
Microsoft Visual Studio Solution File, Format Version 12.00
# Visual Studio Version 17
VisualStudioVersion = 17.9.34728.123
MinimumVisualStudioVersion = 10.0.40219.1
Project("{FAE04EC0-301F-11D3-BF4B-00C04F79EFBC}") = "HelloCopilot", "HelloCopilot.csproj", "{8BF5D326-98C4-46BC-9F23-7DA9B4757700}"
EndProject
Project("{FAE04EC0-301F-11D3-BF4B-00C04F79EFBC}") = "TestWithCopilot", "..\TestWithCopilot\TestWithCopilot.csproj", "{4381DF05-82BB-4421-A38B-6DD2FC50F243}"
	ProjectSection(ProjectDependencies) = postProject
		{8BF5D326-98C4-46BC-9F23-7DA9B4757700} = {8BF5D326-98C4-46BC-9F23-7DA9B4757700}
	EndProjectSection
EndProject
Global
	GlobalSection(SolutionConfigurationPlatforms) = preSolution
		Debug|Any CPU = Debug|Any CPU
		Release|Any CPU = Release|Any CPU
	EndGlobalSection
	GlobalSection(ProjectConfigurationPlatforms) = postSolution
		{8BF5D326-98C4-46BC-9F23-7DA9B4757700}.Debug|Any CPU.ActiveCfg = Debug|Any CPU
		{8BF5D326-98C4-46BC-9F23-7DA9B4757700}.Debug|Any CPU.Build.0 = Debug|Any CPU
		{8BF5D326-98C4-46BC-9F23-7DA9B4757700}.Release|Any CPU.ActiveCfg = Release|Any CPU
		{8BF5D326-98C4-46BC-9F23-7DA9B4757700}.Release|Any CPU.Build.0 = Release|Any CPU
		{4381DF05-82BB-4421-A38B-6DD2FC50F243}.Debug|Any CPU.ActiveCfg = Debug|Any CPU
		{4381DF05-82BB-4421-A38B-6DD2FC50F243}.Debug|Any CPU.Build.0 = Debug|Any CPU
		{4381DF05-82BB-4421-A38B-6DD2FC50F243}.Release|Any CPU.ActiveCfg = Release|Any CPU
		{4381DF05-82BB-4421-A38B-6DD2FC50F243}.Release|Any CPU.Build.0 = Release|Any CPU
	EndGlobalSection
	GlobalSection(SolutionProperties) = preSolution
		HideSolutionNode = FALSE
	EndGlobalSection
	GlobalSection(ExtensibilityGlobals) = postSolution
		SolutionGuid = {D4D6396B-AE01-4F61-BEAD-97F1F38CDD29}
	EndGlobalSection
EndGlobal
